{
  "pins" : [
    {
      "identity" : "swiftspellbook",
      "kind" : "remoteSourceControl",
      "location" : "https://github.com/Alkenso/SwiftSpellbook.git",
      "state" : {
        "revision" : "8358b7b722abce9da160266addaf63081f300421",
        "version" : "0.4.0"
      }
    }
  ],
  "version" : 2
}
